{
  "name": "app-1777785220",
  "version": "1.0.0",
  "lockfileVersion": 3,
  "requires": true,
  "packages": {
    "": {
      "name": "app-1777785220",
      "version": "1.0.0",
      "license": "ISC",
      "dependencies": {
        "canonicalize": "^3.0.0",
        "diff": "^9.0.0"
      },
      "devDependencies": {
        "@types/diff": "^8.0.0",
        "@types/node": "^25.6.0"
      }
    },
    "node_modules/@types/diff": {
      "version": "8.0.0",
      "resolved": "https://registry.npmjs.org/@types/diff/-/diff-8.0.0.tgz",
      "integrity": "sha512-o7jqJM04gfaYrdCecCVMbZhNdG6T1MHg/oQoRFdERLV+4d+V7FijhiEAbFu0Usww84Yijk9yH58U4Jk4HbtzZw==",
      "deprecated": "This is a stub types definition. diff provides its own type definitions, so you do not need this installed.",
      "dev": true,
      "dependencies": {
        "diff": "*"
      }
    },
    "node_modules/@types/node": {
      "version": "25.6.0",
      "resolved": "https://registry.npmjs.org/@types/node/-/node-25.6.0.tgz",
      "integrity": "sha512-+qIYRKdNYJwY3vRCZMdJbPLJAtGjQBudzZzdzwQYkEPQd+PJGixUL5QfvCLDaULoLv+RhT3LDkwEfKaAkgSmNQ==",
      "dev": true,
      "dependencies": {
        "undici-types": "~7.19.0"
      }
    },
    "node_modules/canonicalize": {
      "version": "3.0.0",
      "resolved": "https://registry.npmjs.org/canonicalize/-/canonicalize-3.0.0.tgz",
      "integrity": "sha512-yYLfHyDMIXRyRqsKBRLX023riFLpXY2YOfdtqKXZRZy9qsfOJ9U+4F9YZL7MEzL5+ziN2x2nlBvY/Voi3EBljA==",
      "bin": {
        "canonicalize": "bin/canonicalize.js"
      },
      "engines": {
        "node": ">=18"
      }
    },
    "node_modules/diff": {
      "version": "9.0.0",
      "resolved": "https://registry.npmjs.org/diff/-/diff-9.0.0.tgz",
      "integrity": "sha512-svtcdpS8CgJyqAjEQIXdb3OjhFVVYjzGAPO8WGCmRbrml64SPw/jJD4GoE98aR7r25A0XcgrK3F02yw9R/vhQw==",
      "engines": {
        "node": ">=0.3.1"
      }
    },
    "node_modules/undici-types": {
      "version": "7.19.2",
      "resolved": "https://registry.npmjs.org/undici-types/-/undici-types-7.19.2.tgz",
      "integrity": "sha512-qYVnV5OEm2AW8cJMCpdV20CDyaN3g0AjDlOGf1OW4iaDEx8MwdtChUp4zu4H0VP3nDRF/8RKWH+IPp9uW0YGZg==",
      "dev": true
    }
  }
}
